# This file is automatically @generated by Cargo.
# It is not intended for manual editing.
version = 4

[[package]]
name = "openflow-cli"
version = "0.1.0"
dependencies = [
 "openflow-core",
]

[[package]]
name = "openflow-core"
version = "0.1.0"

[[package]]
name = "openflow-ffi"
version = "0.1.0"
dependencies = [
 "openflow-core",
]
